// !$*UTF8*$!
{
	archiveVersion = 1;
	classes = {
	};
	objectVersion = 50;
	objects = {

/* Begin PBXBuildFile section */
		656D11FC22AF12E70081294D /* AppDelegate.swift in Sources */ = {isa = PBXBuildFile; fileRef = 656D11FB22AF12E70081294D /* AppDelegate.swift */; };
		656D11FE22AF12E70081294D /* VideoPokerViewController.swift in Sources */ = {isa = PBXBuildFile; fileRef = 656D11FD22AF12E70081294D /* VideoPokerViewController.swift */; };
		656D120322AF12E80081294D /* Assets.xcassets in Resources */ = {isa = PBXBuildFile; fileRef = 656D120222AF12E80081294D /* Assets.xcassets */; };
		656D120622AF12E80081294D /* LaunchScreen.storyboard in Resources */ = {isa = PBXBuildFile; fileRef = 656D120422AF12E80081294D /* LaunchScreen.storyboard */; };
		656D122122AF16380081294D /* Card.swift in Sources */ = {isa = PBXBuildFile; fileRef = 656D122022AF16380081294D /* Card.swift */; };
		656D122322AF17B10081294D /* DealerUseCase.swift in Sources */ = {isa = PBXBuildFile; fileRef = 656D122222AF17B10081294D /* DealerUseCase.swift */; };
		656D122522AF18440081294D /* Deck.swift in Sources */ = {isa = PBXBuildFile; fileRef = 656D122422AF18440081294D /* Deck.swift */; };
		656D122922AF19CE0081294D /* DealerUseCaseImpl.swift in Sources */ = {isa = PBXBuildFile; fileRef = 656D122822AF19CE0081294D /* DealerUseCaseImpl.swift */; };
		656D122C22AF1D720081294D /* Array.swift in Sources */ = {isa = PBXBuildFile; fileRef = 656D122B22AF1D720081294D /* Array.swift */; };
		656D123222AF33450081294D /* PokerPresenterTests.swift in Sources */ = {isa = PBXBuildFile; fileRef = 656D123122AF33450081294D /* PokerPresenterTests.swift */; };
		656D123722AF37B40081294D /* PokerPresenter.swift in Sources */ = {isa = PBXBuildFile; fileRef = 656D123622AF37B40081294D /* PokerPresenter.swift */; };
/* End PBXBuildFile section */

/* Begin PBXContainerItemProxy section */
		656D120D22AF12E90081294D /* PBXContainerItemProxy */ = {
			isa = PBXContainerItemProxy;
			containerPortal = 656D11F022AF12E70081294D /* Project object */;
			proxyType = 1;
			remoteGlobalIDString = 656D11F722AF12E70081294D;
			remoteInfo = "Video Poker";
		};
/* End PBXContainerItemProxy section */

/* Begin PBXFileReference section */
		656D11F822AF12E70081294D /* Video Poker.app */ = {isa = PBXFileReference; explicitFileType = wrapper.application; includeInIndex = 0; path = "Video Poker.app"; sourceTree = BUILT_PRODUCTS_DIR; };
		656D11FB22AF12E70081294D /* AppDelegate.swift */ = {isa = PBXFileReference; lastKnownFileType = sourcecode.swift; path = AppDelegate.swift; sourceTree = "<group>"; };
		656D11FD22AF12E70081294D /* VideoPokerViewController.swift */ = {isa = PBXFileReference; lastKnownFileType = sourcecode.swift; path = VideoPokerViewController.swift; sourceTree = "<group>"; };
		656D120222AF12E80081294D /* Assets.xcassets */ = {isa = PBXFileReference; lastKnownFileType = folder.assetcatalog; path = Assets.xcassets; sourceTree = "<group>"; };
		656D120522AF12E80081294D /* Base */ = {isa = PBXFileReference; lastKnownFileType = file.storyboard; name = Base; path = Base.lproj/LaunchScreen.storyboard; sourceTree = "<group>"; };
		656D120722AF12E80081294D /* Info.plist */ = {isa = PBXFileReference; lastKnownFileType = text.plist.xml; path = Info.plist; sourceTree = "<group>"; };
		656D120C22AF12E90081294D /* Video PokerTests.xctest */ = {isa = PBXFileReference; explicitFileType = wrapper.cfbundle; includeInIndex = 0; path = "Video PokerTests.xctest"; sourceTree = BUILT_PRODUCTS_DIR; };
		656D121222AF12E90081294D /* Info.plist */ = {isa = PBXFileReference; lastKnownFileType = text.plist.xml; path = Info.plist; sourceTree = "<group>"; };
		656D122022AF16380081294D /* Card.swift */ = {isa = PBXFileReference; lastKnownFileType = sourcecode.swift; path = Card.swift; sourceTree = "<group>"; };
		656D122222AF17B10081294D /* DealerUseCase.swift */ = {isa = PBXFileReference; lastKnownFileType = sourcecode.swift; path = DealerUseCase.swift; sourceTree = "<group>"; };
		656D122422AF18440081294D /* Deck.swift */ = {isa = PBXFileReference; lastKnownFileType = sourcecode.swift; path = Deck.swift; sourceTree = "<group>"; };
		656D122822AF19CE0081294D /* DealerUseCaseImpl.swift */ = {isa = PBXFileReference; lastKnownFileType = sourcecode.swift; path = DealerUseCaseImpl.swift; sourceTree = "<group>"; };
		656D122B22AF1D720081294D /* Array.swift */ = {isa = PBXFileReference; lastKnownFileType = sourcecode.swift; path = Array.swift; sourceTree = "<group>"; };
		656D123122AF33450081294D /* PokerPresenterTests.swift */ = {isa = PBXFileReference; lastKnownFileType = sourcecode.swift; path = PokerPresenterTests.swift; sourceTree = "<group>"; };
		656D123622AF37B40081294D /* PokerPresenter.swift */ = {isa = PBXFileReference; lastKnownFileType = sourcecode.swift; path = PokerPresenter.swift; sourceTree = "<group>"; };
/* End PBXFileReference section */

/* Begin PBXFrameworksBuildPhase section */
		656D11F522AF12E70081294D /* Frameworks */ = {
			isa = PBXFrameworksBuildPhase;
			buildActionMask = 2147483647;
			files = (
			);
			runOnlyForDeploymentPostprocessing = 0;
		};
		656D120922AF12E90081294D /* Frameworks */ = {
			isa = PBXFrameworksBuildPhase;
			buildActionMask = 2147483647;
			files = (
			);
			runOnlyForDeploymentPostprocessing = 0;
		};
/* End PBXFrameworksBuildPhase section */

/* Begin PBXGroup section */
		656D11EF22AF12E70081294D = {
			isa = PBXGroup;
			children = (
				656D11FA22AF12E70081294D /* Video Poker */,
				656D120F22AF12E90081294D /* Video PokerTests */,
				656D11F922AF12E70081294D /* Products */,
			);
			sourceTree = "<group>";
		};
		656D11F922AF12E70081294D /* Products */ = {
			isa = PBXGroup;
			children = (
				656D11F822AF12E70081294D /* Video Poker.app */,
				656D120C22AF12E90081294D /* Video PokerTests.xctest */,
			);
			name = Products;
			sourceTree = "<group>";
		};
		656D11FA22AF12E70081294D /* Video Poker */ = {
			isa = PBXGroup;
			children = (
				656D123822AF3CFD0081294D /* ViewControllers */,
				656D123522AF37A40081294D /* Presenters */,
				656D122A22AF1D680081294D /* Extensions */,
				656D121F22AF162B0081294D /* Models */,
				656D121E22AF161C0081294D /* UseCases */,
				656D121B22AF13070081294D /* Resources */,
			);
			path = "Video Poker";
			sourceTree = "<group>";
		};
		656D120F22AF12E90081294D /* Video PokerTests */ = {
			isa = PBXGroup;
			children = (
				656D121222AF12E90081294D /* Info.plist */,
				656D123122AF33450081294D /* PokerPresenterTests.swift */,
			);
			path = "Video PokerTests";
			sourceTree = "<group>";
		};
		656D121B22AF13070081294D /* Resources */ = {
			isa = PBXGroup;
			children = (
				656D11FB22AF12E70081294D /* AppDelegate.swift */,
				656D120422AF12E80081294D /* LaunchScreen.storyboard */,
				656D120722AF12E80081294D /* Info.plist */,
				656D120222AF12E80081294D /* Assets.xcassets */,
			);
			path = Resources;
			sourceTree = "<group>";
		};
		656D121E22AF161C0081294D /* UseCases */ = {
			isa = PBXGroup;
			children = (
				656D122722AF19BC0081294D /* Implmentation */,
				656D122622AF19B30081294D /* Protocols */,
			);
			path = UseCases;
			sourceTree = "<group>";
		};
		656D121F22AF162B0081294D /* Models */ = {
			isa = PBXGroup;
			children = (
				656D122022AF16380081294D /* Card.swift */,
				656D122422AF18440081294D /* Deck.swift */,
			);
			path = Models;
			sourceTree = "<group>";
		};
		656D122622AF19B30081294D /* Protocols */ = {
			isa = PBXGroup;
			children = (
				656D122222AF17B10081294D /* DealerUseCase.swift */,
			);
			path = Protocols;
			sourceTree = "<group>";
		};
		656D122722AF19BC0081294D /* Implmentation */ = {
			isa = PBXGroup;
			children = (
				656D122822AF19CE0081294D /* DealerUseCaseImpl.swift */,
			);
			path = Implmentation;
			sourceTree = "<group>";
		};
		656D122A22AF1D680081294D /* Extensions */ = {
			isa = PBXGroup;
			children = (
				656D122B22AF1D720081294D /* Array.swift */,
			);
			path = Extensions;
			sourceTree = "<group>";
		};
		656D123522AF37A40081294D /* Presenters */ = {
			isa = PBXGroup;
			children = (
				656D123622AF37B40081294D /* PokerPresenter.swift */,
			);
			path = Presenters;
			sourceTree = "<group>";
		};
		656D123822AF3CFD0081294D /* ViewControllers */ = {
			isa = PBXGroup;
			children = (
				656D11FD22AF12E70081294D /* VideoPokerViewController.swift */,
			);
			path = ViewControllers;
			sourceTree = "<group>";
		};
/* End PBXGroup section */

/* Begin PBXNativeTarget section */
		656D11F722AF12E70081294D /* Video Poker */ = {
			isa = PBXNativeTarget;
			buildConfigurationList = 656D121522AF12E90081294D /* Build configuration list for PBXNativeTarget "Video Poker" */;
			buildPhases = (
				656D11F422AF12E70081294D /* Sources */,
				656D11F522AF12E70081294D /* Frameworks */,
				656D11F622AF12E70081294D /* Resources */,
			);
			buildRules = (
			);
			dependencies = (
			);
			name = "Video Poker";
			productName = "Video Poker";
			productReference = 656D11F822AF12E70081294D /* Video Poker.app */;
			productType = "com.apple.product-type.application";
		};
		656D120B22AF12E90081294D /* Video PokerTests */ = {
			isa = PBXNativeTarget;
			buildConfigurationList = 656D121822AF12E90081294D /* Build configuration list for PBXNativeTarget "Video PokerTests" */;
			buildPhases = (
				656D120822AF12E90081294D /* Sources */,
				656D120922AF12E90081294D /* Frameworks */,
				656D120A22AF12E90081294D /* Resources */,
			);
			buildRules = (
			);
			dependencies = (
				656D120E22AF12E90081294D /* PBXTargetDependency */,
			);
			name = "Video PokerTests";
			productName = "Video PokerTests";
			productReference = 656D120C22AF12E90081294D /* Video PokerTests.xctest */;
			productType = "com.apple.product-type.bundle.unit-test";
		};
/* End PBXNativeTarget section */

/* Begin PBXProject section */
		656D11F022AF12E70081294D /* Project object */ = {
			isa = PBXProject;
			attributes = {
				LastSwiftUpdateCheck = 1020;
				LastUpgradeCheck = 1020;
				ORGANIZATIONNAME = "Anthony Lockett";
				TargetAttributes = {
					656D11F722AF12E70081294D = {
						CreatedOnToolsVersion = 10.2.1;
					};
					656D120B22AF12E90081294D = {
						CreatedOnToolsVersion = 10.2.1;
						TestTargetID = 656D11F722AF12E70081294D;
					};
				};
			};
			buildConfigurationList = 656D11F322AF12E70081294D /* Build configuration list for PBXProject "Video Poker" */;
			compatibilityVersion = "Xcode 9.3";
			developmentRegion = en;
			hasScannedForEncodings = 0;
			knownRegions = (
				en,
				Base,
			);
			mainGroup = 656D11EF22AF12E70081294D;
			productRefGroup = 656D11F922AF12E70081294D /* Products */;
			projectDirPath = "";
			projectRoot = "";
			targets = (
				656D11F722AF12E70081294D /* Video Poker */,
				656D120B22AF12E90081294D /* Video PokerTests */,
			);
		};
/* End PBXProject section */

/* Begin PBXResourcesBuildPhase section */
		656D11F622AF12E70081294D /* Resources */ = {
			isa = PBXResourcesBuildPhase;
			buildActionMask = 2147483647;
			files = (
				656D120622AF12E80081294D /* LaunchScreen.storyboard in Resources */,
				656D120322AF12E80081294D /* Assets.xcassets in Resources */,
			);
			runOnlyForDeploymentPostprocessing = 0;
		};
		656D120A22AF12E90081294D /* Resources */ = {
			isa = PBXResourcesBuildPhase;
			buildActionMask = 2147483647;
			files = (
			);
			runOnlyForDeploymentPostprocessing = 0;
		};
/* End PBXResourcesBuildPhase section */

/* Begin PBXSourcesBuildPhase section */
		656D11F422AF12E70081294D /* Sources */ = {
			isa = PBXSourcesBuildPhase;
			buildActionMask = 2147483647;
			files = (
				656D11FE22AF12E70081294D /* VideoPokerViewController.swift in Sources */,
				656D122122AF16380081294D /* Card.swift in Sources */,
				656D122C22AF1D720081294D /* Array.swift in Sources */,
				656D122922AF19CE0081294D /* DealerUseCaseImpl.swift in Sources */,
				656D123722AF37B40081294D /* PokerPresenter.swift in Sources */,
				656D122522AF18440081294D /* Deck.swift in Sources */,
				656D122322AF17B10081294D /* DealerUseCase.swift in Sources */,
				656D11FC22AF12E70081294D /* AppDelegate.swift in Sources */,
			);
			runOnlyForDeploymentPostprocessing = 0;
		};
		656D120822AF12E90081294D /* Sources */ = {
			isa = PBXSourcesBuildPhase;
			buildActionMask = 2147483647;
			files = (
				656D123222AF33450081294D /* PokerPresenterTests.swift in Sources */,
			);
			runOnlyForDeploymentPostprocessing = 0;
		};
/* End PBXSourcesBuildPhase section */

/* Begin PBXTargetDependency section */
		656D120E22AF12E90081294D /* PBXTargetDependency */ = {
			isa = PBXTargetDependency;
			target = 656D11F722AF12E70081294D /* Video Poker */;
			targetProxy = 656D120D22AF12E90081294D /* PBXContainerItemProxy */;
		};
/* End PBXTargetDependency section */

/* Begin PBXVariantGroup section */
		656D120422AF12E80081294D /* LaunchScreen.storyboard */ = {
			isa = PBXVariantGroup;
			children = (
				656D120522AF12E80081294D /* Base */,
			);
			name = LaunchScreen.storyboard;
			sourceTree = "<group>";
		};
/* End PBXVariantGroup section */

/* Begin XCBuildConfiguration section */
		656D121322AF12E90081294D /* Debug */ = {
			isa = XCBuildConfiguration;
			buildSettings = {
				ALWAYS_SEARCH_USER_PATHS = NO;
				CLANG_ANALYZER_NONNULL = YES;
				CLANG_ANALYZER_NUMBER_OBJECT_CONVERSION = YES_AGGRESSIVE;
				CLANG_CXX_LANGUAGE_STANDARD = "gnu++14";
				CLANG_CXX_LIBRARY = "libc++";
				CLANG_ENABLE_MODULES = YES;
				CLANG_ENABLE_OBJC_ARC = YES;
				CLANG_ENABLE_OBJC_WEAK = YES;
				CLANG_WARN_BLOCK_CAPTURE_AUTORELEASING = YES;
				CLANG_WARN_BOOL_CONVERSION = YES;
				CLANG_WARN_COMMA = YES;
				CLANG_WARN_CONSTANT_CONVERSION = YES;
				CLANG_WARN_DEPRECATED_OBJC_IMPLEMENTATIONS = YES;
				CLANG_WARN_DIRECT_OBJC_ISA_USAGE = YES_ERROR;
				CLANG_WARN_DOCUMENTATION_COMMENTS = YES;
				CLANG_WARN_EMPTY_BODY = YES;
				CLANG_WARN_ENUM_CONVERSION = YES;
				CLANG_WARN_INFINITE_RECURSION = YES;
				CLANG_WARN_INT_CONVERSION = YES;
				CLANG_WARN_NON_LITERAL_NULL_CONVERSION = YES;
				CLANG_WARN_OBJC_IMPLICIT_RETAIN_SELF = YES;
				CLANG_WARN_OBJC_LITERAL_CONVERSION = YES;
				CLANG_WARN_OBJC_ROOT_CLASS = YES_ERROR;
				CLANG_WARN_RANGE_LOOP_ANALYSIS = YES;
				CLANG_WARN_STRICT_PROTOTYPES = YES;
				CLANG_WARN_SUSPICIOUS_MOVE = YES;
				CLANG_WARN_UNGUARDED_AVAILABILITY = YES_AGGRESSIVE;
				CLANG_WARN_UNREACHABLE_CODE = YES;
				CLANG_WARN__DUPLICATE_METHOD_MATCH = YES;
				CODE_SIGN_IDENTITY = "iPhone Developer";
				COPY_PHASE_STRIP = NO;
				DEBUG_INFORMATION_FORMAT = dwarf;
				ENABLE_STRICT_OBJC_MSGSEND = YES;
				ENABLE_TESTABILITY = YES;
				GCC_C_LANGUAGE_STANDARD = gnu11;
				GCC_DYNAMIC_NO_PIC = NO;
				GCC_NO_COMMON_BLOCKS = YES;
				GCC_OPTIMIZATION_LEVEL = 0;
				GCC_PREPROCESSOR_DEFINITIONS = (
					"DEBUG=1",
					"$(inherited)",
				);
				GCC_WARN_64_TO_32_BIT_CONVERSION = YES;
				GCC_WARN_ABOUT_RETURN_TYPE = YES_ERROR;
				GCC_WARN_UNDECLARED_SELECTOR = YES;
				GCC_WARN_UNINITIALIZED_AUTOS = YES_AGGRESSIVE;
				GCC_WARN_UNUSED_FUNCTION = YES;
				GCC_WARN_UNUSED_VARIABLE = YES;
				IPHONEOS_DEPLOYMENT_TARGET = 12.2;
				MTL_ENABLE_DEBUG_INFO = INCLUDE_SOURCE;
				MTL_FAST_MATH = YES;
				ONLY_ACTIVE_ARCH = YES;
				SDKROOT = iphoneos;
				SWIFT_ACTIVE_COMPILATION_CONDITIONS = DEBUG;
				SWIFT_OPTIMIZATION_LEVEL = "-Onone";
			};
			name = Debug;
		};
		656D121422AF12E90081294D /* Release */ = {
			isa = XCBuildConfiguration;
			buildSettings = {
				ALWAYS_SEARCH_USER_PATHS = NO;
				CLANG_ANALYZER_NONNULL = YES;
				CLANG_ANALYZER_NUMBER_OBJECT_CONVERSION = YES_AGGRESSIVE;
				CLANG_CXX_LANGUAGE_STANDARD = "gnu++14";
				CLANG_CXX_LIBRARY = "libc++";
				CLANG_ENABLE_MODULES = YES;
				CLANG_ENABLE_OBJC_ARC = YES;
				CLANG_ENABLE_OBJC_WEAK = YES;
				CLANG_WARN_BLOCK_CAPTURE_AUTORELEASING = YES;
				CLANG_WARN_BOOL_CONVERSION = YES;
				CLANG_WARN_COMMA = YES;
				CLANG_WARN_CONSTANT_CONVERSION = YES;
				CLANG_WARN_DEPRECATED_OBJC_IMPLEMENTATIONS = YES;
				CLANG_WARN_DIRECT_OBJC_ISA_USAGE = YES_ERROR;
				CLANG_WARN_DOCUMENTATION_COMMENTS = YES;
				CLANG_WARN_EMPTY_BODY = YES;
				CLANG_WARN_ENUM_CONVERSION = YES;
				CLANG_WARN_INFINITE_RECURSION = YES;
				CLANG_WARN_INT_CONVERSION = YES;
				CLANG_WARN_NON_LITERAL_NULL_CONVERSION = YES;
				CLANG_WARN_OBJC_IMPLICIT_RETAIN_SELF = YES;
				CLANG_WARN_OBJC_LITERAL_CONVERSION = YES;
				CLANG_WARN_OBJC_ROOT_CLASS = YES_ERROR;
				CLANG_WARN_RANGE_LOOP_ANALYSIS = YES;
				CLANG_WARN_STRICT_PROTOTYPES = YES;
				CLANG_WARN_SUSPICIOUS_MOVE = YES;
				CLANG_WARN_UNGUARDED_AVAILABILITY = YES_AGGRESSIVE;
				CLANG_WARN_UNREACHABLE_CODE = YES;
				CLANG_WARN__DUPLICATE_METHOD_MATCH = YES;
				CODE_SIGN_IDENTITY = "iPhone Developer";
				COPY_PHASE_STRIP = NO;
				DEBUG_INFORMATION_FORMAT = "dwarf-with-dsym";
				ENABLE_NS_ASSERTIONS = NO;
				ENABLE_STRICT_OBJC_MSGSEND = YES;
				GCC_C_LANGUAGE_STANDARD = gnu11;
				GCC_NO_COMMON_BLOCKS = YES;
				GCC_WARN_64_TO_32_BIT_CONVERSION = YES;
				GCC_WARN_ABOUT_RETURN_TYPE = YES_ERROR;
				GCC_WARN_UNDECLARED_SELECTOR = YES;
				GCC_WARN_UNINITIALIZED_AUTOS = YES_AGGRESSIVE;
				GCC_WARN_UNUSED_FUNCTION = YES;
				GCC_WARN_UNUSED_VARIABLE = YES;
				IPHONEOS_DEPLOYMENT_TARGET = 12.2;
				MTL_ENABLE_DEBUG_INFO = NO;
				MTL_FAST_MATH = YES;
				SDKROOT = iphoneos;
				SWIFT_COMPILATION_MODE = wholemodule;
				SWIFT_OPTIMIZATION_LEVEL = "-O";
				VALIDATE_PRODUCT = YES;
			};
			name = Release;
		};
		656D121622AF12E90081294D /* Debug */ = {
			isa = XCBuildConfiguration;
			buildSettings = {
				ASSETCATALOG_COMPILER_APPICON_NAME = AppIcon;
				CODE_SIGN_STYLE = Automatic;
				DEVELOPMENT_TEAM = 73A87RLJ4N;
				INFOPLIST_FILE = "$(SRCROOT)/Video Poker/Resources/Info.plist";
				LD_RUNPATH_SEARCH_PATHS = (
					"$(inherited)",
					"@executable_path/Frameworks",
				);
				PRODUCT_BUNDLE_IDENTIFIER = "com.lockett.Video-Poker";
				PRODUCT_NAME = "$(TARGET_NAME)";
				SWIFT_VERSION = 5.0;
				TARGETED_DEVICE_FAMILY = "1,2";
			};
			name = Debug;
		};
		656D121722AF12E90081294D /* Release */ = {
			isa = XCBuildConfiguration;
			buildSettings = {
				ASSETCATALOG_COMPILER_APPICON_NAME = AppIcon;
				CODE_SIGN_STYLE = Automatic;
				DEVELOPMENT_TEAM = 73A87RLJ4N;
				INFOPLIST_FILE = "$(SRCROOT)/Video Poker/Resources/Info.plist";
				LD_RUNPATH_SEARCH_PATHS = (
					"$(inherited)",
					"@executable_path/Frameworks",
				);
				PRODUCT_BUNDLE_IDENTIFIER = "com.lockett.Video-Poker";
				PRODUCT_NAME = "$(TARGET_NAME)";
				SWIFT_VERSION = 5.0;
				TARGETED_DEVICE_FAMILY = "1,2";
			};
			name = Release;
		};
		656D121922AF12E90081294D /* Debug */ = {
			isa = XCBuildConfiguration;
			buildSettings = {
				ALWAYS_EMBED_SWIFT_STANDARD_LIBRARIES = YES;
				BUNDLE_LOADER = "$(TEST_HOST)";
				CODE_SIGN_STYLE = Automatic;
				DEVELOPMENT_TEAM = 73A87RLJ4N;
				INFOPLIST_FILE = "Video PokerTests/Info.plist";
				LD_RUNPATH_SEARCH_PATHS = (
					"$(inherited)",
					"@executable_path/Frameworks",
					"@loader_path/Frameworks",
				);
				PRODUCT_BUNDLE_IDENTIFIER = "com.lockett.Video-PokerTests";
				PRODUCT_NAME = "$(TARGET_NAME)";
				SWIFT_VERSION = 5.0;
				TARGETED_DEVICE_FAMILY = "1,2";
				TEST_HOST = "$(BUILT_PRODUCTS_DIR)/Video Poker.app/Video Poker";
			};
			name = Debug;
		};
		656D121A22AF12E90081294D /* Release */ = {
			isa = XCBuildConfiguration;
			buildSettings = {
				ALWAYS_EMBED_SWIFT_STANDARD_LIBRARIES = YES;
				BUNDLE_LOADER = "$(TEST_HOST)";
				CODE_SIGN_STYLE = Automatic;
				DEVELOPMENT_TEAM = 73A87RLJ4N;
				INFOPLIST_FILE = "Video PokerTests/Info.plist";
				LD_RUNPATH_SEARCH_PATHS = (
					"$(inherited)",
					"@executable_path/Frameworks",
					"@loader_path/Frameworks",
				);
				PRODUCT_BUNDLE_IDENTIFIER = "com.lockett.Video-PokerTests";
				PRODUCT_NAME = "$(TARGET_NAME)";
				SWIFT_VERSION = 5.0;
				TARGETED_DEVICE_FAMILY = "1,2";
				TEST_HOST = "$(BUILT_PRODUCTS_DIR)/Video Poker.app/Video Poker";
			};
			name = Release;
		};
/* End XCBuildConfiguration section */

/* Begin XCConfigurationList section */
		656D11F322AF12E70081294D /* Build configuration list for PBXProject "Video Poker" */ = {
			isa = XCConfigurationList;
			buildConfigurations = (
				656D121322AF12E90081294D /* Debug */,
				656D121422AF12E90081294D /* Release */,
			);
			defaultConfigurationIsVisible = 0;
			defaultConfigurationName = Release;
		};
		656D121522AF12E90081294D /* Build configuration list for PBXNativeTarget "Video Poker" */ = {
			isa = XCConfigurationList;
			buildConfigurations = (
				656D121622AF12E90081294D /* Debug */,
				656D121722AF12E90081294D /* Release */,
			);
			defaultConfigurationIsVisible = 0;
			defaultConfigurationName = Release;
		};
		656D121822AF12E90081294D /* Build configuration list for PBXNativeTarget "Video PokerTests" */ = {
			isa = XCConfigurationList;
			buildConfigurations = (
				656D121922AF12E90081294D /* Debug */,
				656D121A22AF12E90081294D /* Release */,
			);
			defaultConfigurationIsVisible = 0;
			defaultConfigurationName = Release;
		};
/* End XCConfigurationList section */
	};
	rootObject = 656D11F022AF12E70081294D /* Project object */;
}
